# THIS IS AN AUTOGENERATED FILE. DO NOT EDIT THIS FILE DIRECTLY.
# yarn lockfile v1


"@fullcalendar/core@^6.1.19", "@fullcalendar/core@~6.1.19":
  version "6.1.19"
  resolved "https://registry.npmjs.org/@fullcalendar/core/-/core-6.1.19.tgz"
  integrity sha512-z0aVlO5e4Wah6p6mouM0UEqtRf1MZZPt4mwzEyU6kusaNL+dlWQgAasF2cK23hwT4cmxkEmr4inULXgpyeExdQ==
  dependencies:
    preact "~10.12.1"

"@fullcalendar/daygrid@~6.1.19":
  version "6.1.19"
  resolved "https://registry.npmjs.org/@fullcalendar/daygrid/-/daygrid-6.1.19.tgz"
  integrity sha512-IAAfnMICnVWPjpT4zi87i3FEw0xxSza0avqY/HedKEz+l5MTBYvCDPOWDATpzXoLut3aACsjktIyw9thvIcRYQ==

"@fullcalendar/interaction@~6.1.19":
  version "6.1.19"
  resolved "https://registry.npmjs.org/@fullcalendar/interaction/-/interaction-6.1.19.tgz"
  integrity sha512-GOciy79xe8JMVp+1evAU3ytdwN/7tv35t5i1vFkifiuWcQMLC/JnLg/RA2s4sYmQwoYhTw/p4GLcP0gO5B3X5w==

"@fullcalendar/list@~6.1.19":
  version "6.1.19"
  resolved "https://registry.npmjs.org/@fullcalendar/list/-/list-6.1.19.tgz"
  integrity sha512-knZHpAVF0LbzZpSJSUmLUUzF0XlU/MRGK+Py2s0/mP93bCtno1k2L3XPs/kzh528hSjehwLm89RgKTSfW1P6cA==

"@fullcalendar/multimonth@~6.1.19":
  version "6.1.19"
  resolved "https://registry.npmjs.org/@fullcalendar/multimonth/-/multimonth-6.1.19.tgz"
  integrity sha512-YYP8o/tjNLFRKhelwiq5ja3Jm3WDf3bfOUHf32JvAWwfotCvZjD7tYv66Nj02mQ8OWWJINa2EQGJxFHgIs14aA==
  dependencies:
    "@fullcalendar/daygrid" "~6.1.19"

"@fullcalendar/premium-common@~6.1.19":
  version "6.1.19"
  resolved "https://registry.npmjs.org/@fullcalendar/premium-common/-/premium-common-6.1.19.tgz"
  integrity sha512-bOWHm1u1dUy6M4fQ0hNK7qEI7SrVWrN1ovv/z4/FE/ybfM19ukz7SFs907Ur7KUBWLNKTQYXBtdrY/ginwWraw==

"@fullcalendar/resource-daygrid@~6.1.19":
  version "6.1.19"
  resolved "https://registry.npmjs.org/@fullcalendar/resource-daygrid/-/resource-daygrid-6.1.19.tgz"
  integrity sha512-ylcPQwxwbMS4sIvhwJltNWUZhCinD/IhsYvIxfv/wXb0UBds8d9zacPEjcRRKiXShXj/95W/YWVF+9JcCiRfIQ==
  dependencies:
    "@fullcalendar/daygrid" "~6.1.19"
    "@fullcalendar/premium-common" "~6.1.19"

"@fullcalendar/resource-timegrid@^6.1.19":
  version "6.1.19"
  resolved "https://registry.npmjs.org/@fullcalendar/resource-timegrid/-/resource-timegrid-6.1.19.tgz"
  integrity sha512-Y16w/Z28gZwAVxVKmicKjbaSY4DixV9canEeY2A09Ka3golaxSrTDQ72PMbxzPGEMv3S7HaqDojofNsfh+wH/g==
  dependencies:
    "@fullcalendar/premium-common" "~6.1.19"
    "@fullcalendar/resource-daygrid" "~6.1.19"
    "@fullcalendar/timegrid" "~6.1.19"

"@fullcalendar/resource-timeline@^6.1.19":
  version "6.1.19"
  resolved "https://registry.npmjs.org/@fullcalendar/resource-timeline/-/resource-timeline-6.1.19.tgz"
  integrity sha512-oC3aVR++dLqJNeBwmLHq9sDgRDFfIG0qSteV7bgBekvNlqEMqXx8wPjUxnELrq8rrhMmK4iV3wO7AB/48IVgyg==
  dependencies:
    "@fullcalendar/premium-common" "~6.1.19"
    "@fullcalendar/scrollgrid" "~6.1.19"
    "@fullcalendar/timeline" "~6.1.19"

"@fullcalendar/resource@^6.1.19", "@fullcalendar/resource@~6.1.19":
  version "6.1.19"
  resolved "https://registry.npmjs.org/@fullcalendar/resource/-/resource-6.1.19.tgz"
  integrity sha512-br1ylX/aIOfd8m7Tzl2LpJBSI+N9Q6aS1qw7K9qnQjYXWQyHBlfLG6ZcPmmkjfaqTUJc8ARRbtNWj1ts5qOZgQ==
  dependencies:
    "@fullcalendar/premium-common" "~6.1.19"

"@fullcalendar/scrollgrid@~6.1.19":
  version "6.1.19"
  resolved "https://registry.npmjs.org/@fullcalendar/scrollgrid/-/scrollgrid-6.1.19.tgz"
  integrity sha512-S1pbiYHvmV0ep6z5sWXJQfgW4Y/jrS5iLIAqSagDFPK0jr327nBxl7Ryi3Zb5UdMIP0/O4GXs8jwZabQPd8SOg==
  dependencies:
    "@fullcalendar/premium-common" "~6.1.19"

"@fullcalendar/timegrid@~6.1.19":
  version "6.1.19"
  resolved "https://registry.npmjs.org/@fullcalendar/timegrid/-/timegrid-6.1.19.tgz"
  integrity sha512-OuzpUueyO9wB5OZ8rs7TWIoqvu4v3yEqdDxZ2VcsMldCpYJRiOe7yHWKr4ap5Tb0fs7Rjbserc/b6Nt7ol6BRg==
  dependencies:
    "@fullcalendar/daygrid" "~6.1.19"

"@fullcalendar/timeline@~6.1.19":
  version "6.1.19"
  resolved "https://registry.npmjs.org/@fullcalendar/timeline/-/timeline-6.1.19.tgz"
  integrity sha512-d2P961mnUTXtJeWNmIq1neoDmZcrPUaK7nGFoc+jQAlnmG3aNSVWQmD1ia694AMqLWtcWkwipW9MuaJgx2QvrA==
  dependencies:
    "@fullcalendar/premium-common" "~6.1.19"
    "@fullcalendar/scrollgrid" "~6.1.19"

fullcalendar@^6.1.19:
  version "6.1.19"
  resolved "https://registry.npmjs.org/fullcalendar/-/fullcalendar-6.1.19.tgz"
  integrity sha512-/DsMLYyU1kdOVojaV+ITNH2cHlHtyt6X3m4P6hhH0kwfHZpQbXajJnDbnFIufu/BdE9YcknMRPJj3R7FbPkg1A==
  dependencies:
    "@fullcalendar/core" "~6.1.19"
    "@fullcalendar/daygrid" "~6.1.19"
    "@fullcalendar/interaction" "~6.1.19"
    "@fullcalendar/list" "~6.1.19"
    "@fullcalendar/multimonth" "~6.1.19"
    "@fullcalendar/timegrid" "~6.1.19"

preact@~10.12.1:
  version "10.12.1"
  resolved "https://registry.npmjs.org/preact/-/preact-10.12.1.tgz"
  integrity sha512-l8386ixSsBdbreOAkqtrwqHwdvR35ID8c3rKPa8lCWuO86dBi32QWHV4vfsZK1utLLFMvw+Z5Ad4XLkZzchscg==
